{
  "name": "trpc",
  "version": "1.0.0",
  "lockfileVersion": 3,
  "requires": true,
  "packages": {
    "": {
      "name": "trpc",
      "version": "1.0.0",
      "license": "ISC",
      "dependencies": {
        "@trpc/client": "^10.29.1"
      }
    },
    "node_modules/@trpc/client": {
      "version": "10.29.1",
      "resolved": "https://registry.npmjs.org/@trpc/client/-/client-10.29.1.tgz",
      "integrity": "sha512-+9Tifg6dtKsYLsqOW0wizqc3iILAkXxn16pyYAeMDPlulPEqNvnI85GDJ0zJOJLIkQnQefkRbtCmtDxLNtV9Eg==",
      "funding": [
        "https://trpc.io/sponsor"
      ],
      "peerDependencies": {
        "@trpc/server": "10.29.1"
      }
    },
    "node_modules/@trpc/server": {
      "version": "10.29.1",
      "resolved": "https://registry.npmjs.org/@trpc/server/-/server-10.29.1.tgz",
      "integrity": "sha512-kNXgMh5ya+awuz2tB4eIyVrRs7nVtqGXwSGabzH3l5ZLWz7rbKJquOJ7h6bjvIfWUpaFG62HJNWxxGUtXCRgRw==",
      "funding": [
        "https://trpc.io/sponsor"
      ],
      "peer": true
    }
  }
}
